// !$*UTF8*$!
{
	archiveVersion = 1;
	classes = {
	};
	objectVersion = 56;
	objects = {

/* Begin PBXBuildFile section */
		15173ED52A64858200E13E7D /* main.mm in Sources */ = {isa = PBXBuildFile; fileRef = 15173ED42A64858200E13E7D /* main.mm */; };
		15173EE02A6485F000E13E7D /* CoreAudio.framework in Frameworks */ = {isa = PBXBuildFile; fileRef = 15173EDA2A6485F000E13E7D /* CoreAudio.framework */; };
		15173EE12A6485F000E13E7D /* CoreAudioKit.framework in Frameworks */ = {isa = PBXBuildFile; fileRef = 15173EDB2A6485F000E13E7D /* CoreAudioKit.framework */; };
		15173EE22A6485F100E13E7D /* AudioToolbox.framework in Frameworks */ = {isa = PBXBuildFile; fileRef = 15173EDC2A6485F000E13E7D /* AudioToolbox.framework */; };
		15173EE32A6485F100E13E7D /* AudioUnit.framework in Frameworks */ = {isa = PBXBuildFile; fileRef = 15173EDD2A6485F000E13E7D /* AudioUnit.framework */; };
		15173EE42A6485F100E13E7D /* AVFAudio.framework in Frameworks */ = {isa = PBXBuildFile; fileRef = 15173EDE2A6485F000E13E7D /* AVFAudio.framework */; };
		875230192A46E77500AAFFCB /* Foundation.framework in Frameworks */ = {isa = PBXBuildFile; fileRef = 875230182A46E77500AAFFCB /* Foundation.framework */; };
		875230232A46E77500AAFFCB /* main.mm in Sources */ = {isa = PBXBuildFile; fileRef = 875230222A46E77500AAFFCB /* main.mm */; };
		879D87CF2A6413CE00A31D48 /* AudioToolbox.framework in Frameworks */ = {isa = PBXBuildFile; fileRef = 879D87CE2A6413CE00A31D48 /* AudioToolbox.framework */; };
/* End PBXBuildFile section */

/* Begin PBXCopyFilesBuildPhase section */
		15173ED02A64858200E13E7D /* CopyFiles */ = {
			isa = PBXCopyFilesBuildPhase;
			buildActionMask = 2147483647;
			dstPath = /usr/share/man/man1/;
			dstSubfolderSpec = 0;
			files = (
			);
			runOnlyForDeploymentPostprocessing = 1;
		};
/* End PBXCopyFilesBuildPhase section */

/* Begin PBXFileReference section */
		15173ED22A64858200E13E7D /* player */ = {isa = PBXFileReference; explicitFileType = "compiled.mach-o.executable"; includeInIndex = 0; path = player; sourceTree = BUILT_PRODUCTS_DIR; };
		15173ED42A64858200E13E7D /* main.mm */ = {isa = PBXFileReference; lastKnownFileType = sourcecode.cpp.objcpp; path = main.mm; sourceTree = "<group>"; };
		15173ED92A6485F000E13E7D /* CoreAudioTypes.framework */ = {isa = PBXFileReference; lastKnownFileType = wrapper.framework; name = CoreAudioTypes.framework; path = Platforms/MacOSX.platform/Developer/SDKs/MacOSX13.1.sdk/System/Library/Frameworks/CoreAudioTypes.framework; sourceTree = DEVELOPER_DIR; };
		15173EDA2A6485F000E13E7D /* CoreAudio.framework */ = {isa = PBXFileReference; lastKnownFileType = wrapper.framework; name = CoreAudio.framework; path = Platforms/MacOSX.platform/Developer/SDKs/MacOSX13.1.sdk/System/Library/Frameworks/CoreAudio.framework; sourceTree = DEVELOPER_DIR; };
		15173EDB2A6485F000E13E7D /* CoreAudioKit.framework */ = {isa = PBXFileReference; lastKnownFileType = wrapper.framework; name = CoreAudioKit.framework; path = Platforms/MacOSX.platform/Developer/SDKs/MacOSX13.1.sdk/System/Library/Frameworks/CoreAudioKit.framework; sourceTree = DEVELOPER_DIR; };
		15173EDC2A6485F000E13E7D /* AudioToolbox.framework */ = {isa = PBXFileReference; lastKnownFileType = wrapper.framework; name = AudioToolbox.framework; path = Platforms/MacOSX.platform/Developer/SDKs/MacOSX13.1.sdk/System/Library/Frameworks/AudioToolbox.framework; sourceTree = DEVELOPER_DIR; };
		15173EDD2A6485F000E13E7D /* AudioUnit.framework */ = {isa = PBXFileReference; lastKnownFileType = wrapper.framework; name = AudioUnit.framework; path = Platforms/MacOSX.platform/Developer/SDKs/MacOSX13.1.sdk/System/Library/Frameworks/AudioUnit.framework; sourceTree = DEVELOPER_DIR; };
		15173EDE2A6485F000E13E7D /* AVFAudio.framework */ = {isa = PBXFileReference; lastKnownFileType = wrapper.framework; name = AVFAudio.framework; path = Platforms/MacOSX.platform/Developer/SDKs/MacOSX13.1.sdk/System/Library/Frameworks/AVFAudio.framework; sourceTree = DEVELOPER_DIR; };
		875230152A46E77500AAFFCB /* micSpy */ = {isa = PBXFileReference; explicitFileType = "compiled.mach-o.executable"; includeInIndex = 0; path = micSpy; sourceTree = BUILT_PRODUCTS_DIR; };
		875230182A46E77500AAFFCB /* Foundation.framework */ = {isa = PBXFileReference; lastKnownFileType = wrapper.framework; name = Foundation.framework; path = System/Library/Frameworks/Foundation.framework; sourceTree = SDKROOT; };
		8752301D2A46E77500AAFFCB /* control */ = {isa = PBXFileReference; lastKnownFileType = text; path = control; sourceTree = "<group>"; };
		8752301E2A46E77500AAFFCB /* monkeydev.entitlements */ = {isa = PBXFileReference; lastKnownFileType = text.plist.entitlements; path = monkeydev.entitlements; sourceTree = "<group>"; };
		875230212A46E77500AAFFCB /* 0xdeadfa11 */ = {isa = PBXFileReference; lastKnownFileType = text; path = 0xdeadfa11; sourceTree = "<group>"; };
		875230222A46E77500AAFFCB /* main.mm */ = {isa = PBXFileReference; lastKnownFileType = sourcecode.cpp.objcpp; path = main.mm; sourceTree = "<group>"; };
		875230252A46E77500AAFFCB /* micSpy-Prefix.pch */ = {isa = PBXFileReference; lastKnownFileType = sourcecode.c.h; name = "micSpy-Prefix.pch"; path = "../micSpy-Prefix.pch"; sourceTree = "<group>"; };
		879D87CE2A6413CE00A31D48 /* AudioToolbox.framework */ = {isa = PBXFileReference; lastKnownFileType = wrapper.framework; name = AudioToolbox.framework; path = Platforms/AppleTVOS.platform/Developer/SDKs/AppleTVOS16.4.sdk/System/Library/Frameworks/AudioToolbox.framework; sourceTree = DEVELOPER_DIR; };
/* End PBXFileReference section */

/* Begin PBXFrameworksBuildPhase section */
		15173ECF2A64858200E13E7D /* Frameworks */ = {
			isa = PBXFrameworksBuildPhase;
			buildActionMask = 2147483647;
			files = (
				15173EE32A6485F100E13E7D /* AudioUnit.framework in Frameworks */,
				15173EE02A6485F000E13E7D /* CoreAudio.framework in Frameworks */,
				15173EE12A6485F000E13E7D /* CoreAudioKit.framework in Frameworks */,
				15173EE42A6485F100E13E7D /* AVFAudio.framework in Frameworks */,
				15173EE22A6485F100E13E7D /* AudioToolbox.framework in Frameworks */,
			);
			runOnlyForDeploymentPostprocessing = 0;
		};
		875230122A46E77500AAFFCB /* Frameworks */ = {
			isa = PBXFrameworksBuildPhase;
			buildActionMask = 2147483647;
			files = (
				879D87CF2A6413CE00A31D48 /* AudioToolbox.framework in Frameworks */,
				875230192A46E77500AAFFCB /* Foundation.framework in Frameworks */,
			);
			runOnlyForDeploymentPostprocessing = 0;
		};
/* End PBXFrameworksBuildPhase section */

/* Begin PBXGroup section */
		15173ED32A64858200E13E7D /* player */ = {
			isa = PBXGroup;
			children = (
				15173ED42A64858200E13E7D /* main.mm */,
			);
			path = player;
			sourceTree = "<group>";
		};
		8752300C2A46E77500AAFFCB = {
			isa = PBXGroup;
			children = (
				8752301A2A46E77500AAFFCB /* micSpy */,
				15173ED32A64858200E13E7D /* player */,
				875230172A46E77500AAFFCB /* Frameworks */,
				875230162A46E77500AAFFCB /* Products */,
			);
			sourceTree = "<group>";
		};
		875230162A46E77500AAFFCB /* Products */ = {
			isa = PBXGroup;
			children = (
				875230152A46E77500AAFFCB /* micSpy */,
				15173ED22A64858200E13E7D /* player */,
			);
			name = Products;
			sourceTree = "<group>";
		};
		875230172A46E77500AAFFCB /* Frameworks */ = {
			isa = PBXGroup;
			children = (
				879D87CE2A6413CE00A31D48 /* AudioToolbox.framework */,
				15173EDC2A6485F000E13E7D /* AudioToolbox.framework */,
				15173EDD2A6485F000E13E7D /* AudioUnit.framework */,
				15173EDE2A6485F000E13E7D /* AVFAudio.framework */,
				15173EDA2A6485F000E13E7D /* CoreAudio.framework */,
				15173EDB2A6485F000E13E7D /* CoreAudioKit.framework */,
				15173ED92A6485F000E13E7D /* CoreAudioTypes.framework */,
				875230182A46E77500AAFFCB /* Foundation.framework */,
			);
			name = Frameworks;
			sourceTree = "<group>";
		};
		8752301A2A46E77500AAFFCB /* micSpy */ = {
			isa = PBXGroup;
			children = (
				8752301E2A46E77500AAFFCB /* monkeydev.entitlements */,
				875230222A46E77500AAFFCB /* main.mm */,
				8752301B2A46E77500AAFFCB /* Package */,
				875230242A46E77500AAFFCB /* Supporting Files */,
			);
			path = micSpy;
			sourceTree = "<group>";
		};
		8752301B2A46E77500AAFFCB /* Package */ = {
			isa = PBXGroup;
			children = (
				8752301C2A46E77500AAFFCB /* DEBIAN */,
				8752301F2A46E77500AAFFCB /* usr */,
			);
			path = Package;
			sourceTree = "<group>";
		};
		8752301C2A46E77500AAFFCB /* DEBIAN */ = {
			isa = PBXGroup;
			children = (
				8752301D2A46E77500AAFFCB /* control */,
			);
			path = DEBIAN;
			sourceTree = "<group>";
		};
		8752301F2A46E77500AAFFCB /* usr */ = {
			isa = PBXGroup;
			children = (
				875230202A46E77500AAFFCB /* bin */,
			);
			path = usr;
			sourceTree = "<group>";
		};
		875230202A46E77500AAFFCB /* bin */ = {
			isa = PBXGroup;
			children = (
				875230212A46E77500AAFFCB /* 0xdeadfa11 */,
			);
			path = bin;
			sourceTree = "<group>";
		};
		875230242A46E77500AAFFCB /* Supporting Files */ = {
			isa = PBXGroup;
			children = (
				875230252A46E77500AAFFCB /* micSpy-Prefix.pch */,
			);
			path = "Supporting Files";
			sourceTree = "<group>";
		};
/* End PBXGroup section */

/* Begin PBXNativeTarget section */
		15173ED12A64858200E13E7D /* player */ = {
			isa = PBXNativeTarget;
			buildConfigurationList = 15173ED62A64858200E13E7D /* Build configuration list for PBXNativeTarget "player" */;
			buildPhases = (
				15173ECE2A64858200E13E7D /* Sources */,
				15173ECF2A64858200E13E7D /* Frameworks */,
				15173ED02A64858200E13E7D /* CopyFiles */,
			);
			buildRules = (
			);
			dependencies = (
			);
			name = player;
			productName = player;
			productReference = 15173ED22A64858200E13E7D /* player */;
			productType = "com.apple.product-type.tool";
		};
		875230142A46E77500AAFFCB /* micSpy */ = {
			isa = PBXNativeTarget;
			buildConfigurationList = 875230282A46E77500AAFFCB /* Build configuration list for PBXNativeTarget "micSpy" */;
			buildPhases = (
				875230112A46E77500AAFFCB /* Sources */,
				875230122A46E77500AAFFCB /* Frameworks */,
				875230132A46E77500AAFFCB /* ShellScript */,
			);
			buildRules = (
			);
			dependencies = (
			);
			name = micSpy;
			productName = micSpy;
			productReference = 875230152A46E77500AAFFCB /* micSpy */;
			productType = "com.apple.product-type.tool";
		};
/* End PBXNativeTarget section */

/* Begin PBXProject section */
		8752300D2A46E77500AAFFCB /* Project object */ = {
			isa = PBXProject;
			attributes = {
				BuildIndependentTargetsInParallel = 1;
				LastUpgradeCheck = 1430;
				TargetAttributes = {
					15173ED12A64858200E13E7D = {
						CreatedOnToolsVersion = 14.2;
					};
					875230142A46E77500AAFFCB = {
						CreatedOnToolsVersion = 14.3;
					};
				};
			};
			buildConfigurationList = 875230102A46E77500AAFFCB /* Build configuration list for PBXProject "micSpy" */;
			compatibilityVersion = "Xcode 14.0";
			developmentRegion = en;
			hasScannedForEncodings = 0;
			knownRegions = (
				en,
				Base,
			);
			mainGroup = 8752300C2A46E77500AAFFCB;
			productRefGroup = 875230162A46E77500AAFFCB /* Products */;
			projectDirPath = "";
			projectRoot = "";
			targets = (
				875230142A46E77500AAFFCB /* micSpy */,
				15173ED12A64858200E13E7D /* player */,
			);
		};
/* End PBXProject section */

/* Begin PBXShellScriptBuildPhase section */
		875230132A46E77500AAFFCB /* ShellScript */ = {
			isa = PBXShellScriptBuildPhase;
			buildActionMask = 2147483647;
			files = (
			);
			inputFileListPaths = (
			);
			inputPaths = (
			);
			outputFileListPaths = (
			);
			outputPaths = (
			);
			runOnlyForDeploymentPostprocessing = 0;
			shellPath = /bin/sh;
			shellScript = "/opt/MonkeyDev/bin/md --xcbp\n";
		};
/* End PBXShellScriptBuildPhase section */

/* Begin PBXSourcesBuildPhase section */
		15173ECE2A64858200E13E7D /* Sources */ = {
			isa = PBXSourcesBuildPhase;
			buildActionMask = 2147483647;
			files = (
				15173ED52A64858200E13E7D /* main.mm in Sources */,
			);
			runOnlyForDeploymentPostprocessing = 0;
		};
		875230112A46E77500AAFFCB /* Sources */ = {
			isa = PBXSourcesBuildPhase;
			buildActionMask = 2147483647;
			files = (
				875230232A46E77500AAFFCB /* main.mm in Sources */,
			);
			runOnlyForDeploymentPostprocessing = 0;
		};
/* End PBXSourcesBuildPhase section */

/* Begin XCBuildConfiguration section */
		15173ED72A64858200E13E7D /* Release */ = {
			isa = XCBuildConfiguration;
			buildSettings = {
				ALWAYS_SEARCH_USER_PATHS = NO;
				CLANG_ANALYZER_NONNULL = YES;
				CLANG_ANALYZER_NUMBER_OBJECT_CONVERSION = YES_AGGRESSIVE;
				CLANG_CXX_LANGUAGE_STANDARD = "gnu++20";
				CLANG_ENABLE_MODULES = YES;
				CLANG_ENABLE_OBJC_ARC = YES;
				CLANG_ENABLE_OBJC_WEAK = YES;
				CLANG_WARN_BLOCK_CAPTURE_AUTORELEASING = YES;
				CLANG_WARN_BOOL_CONVERSION = YES;
				CLANG_WARN_COMMA = YES;
				CLANG_WARN_CONSTANT_CONVERSION = YES;
				CLANG_WARN_DEPRECATED_OBJC_IMPLEMENTATIONS = YES;
				CLANG_WARN_DIRECT_OBJC_ISA_USAGE = YES_ERROR;
				CLANG_WARN_DOCUMENTATION_COMMENTS = YES;
				CLANG_WARN_EMPTY_BODY = YES;
				CLANG_WARN_ENUM_CONVERSION = YES;
				CLANG_WARN_INFINITE_RECURSION = YES;
				CLANG_WARN_INT_CONVERSION = YES;
				CLANG_WARN_NON_LITERAL_NULL_CONVERSION = YES;
				CLANG_WARN_OBJC_IMPLICIT_RETAIN_SELF = YES;
				CLANG_WARN_OBJC_LITERAL_CONVERSION = YES;
				CLANG_WARN_OBJC_ROOT_CLASS = YES_ERROR;
				CLANG_WARN_QUOTED_INCLUDE_IN_FRAMEWORK_HEADER = YES;
				CLANG_WARN_RANGE_LOOP_ANALYSIS = YES;
				CLANG_WARN_STRICT_PROTOTYPES = YES;
				CLANG_WARN_SUSPICIOUS_MOVE = YES;
				CLANG_WARN_UNGUARDED_AVAILABILITY = YES_AGGRESSIVE;
				CLANG_WARN_UNREACHABLE_CODE = YES;
				CLANG_WARN__DUPLICATE_METHOD_MATCH = YES;
				CODE_SIGN_STYLE = Automatic;
				COPY_PHASE_STRIP = NO;
				DEBUG_INFORMATION_FORMAT = "dwarf-with-dsym";
				ENABLE_NS_ASSERTIONS = NO;
				ENABLE_STRICT_OBJC_MSGSEND = YES;
				GCC_C_LANGUAGE_STANDARD = gnu11;
				GCC_NO_COMMON_BLOCKS = YES;
				GCC_WARN_64_TO_32_BIT_CONVERSION = YES;
				GCC_WARN_ABOUT_RETURN_TYPE = YES_ERROR;
				GCC_WARN_UNDECLARED_SELECTOR = YES;
				GCC_WARN_UNINITIALIZED_AUTOS = YES_AGGRESSIVE;
				GCC_WARN_UNUSED_FUNCTION = YES;
				MACOSX_DEPLOYMENT_TARGET = 13.0;
				MTL_ENABLE_DEBUG_INFO = NO;
				MTL_FAST_MATH = YES;
				PRODUCT_NAME = "$(TARGET_NAME)";
				SDKROOT = macosx;
			};
			name = Release;
		};
		15173ED82A64858200E13E7D /* Debug */ = {
			isa = XCBuildConfiguration;
			buildSettings = {
				ALWAYS_SEARCH_USER_PATHS = NO;
				CLANG_ANALYZER_NONNULL = YES;
				CLANG_ANALYZER_NUMBER_OBJECT_CONVERSION = YES_AGGRESSIVE;
				CLANG_CXX_LANGUAGE_STANDARD = "gnu++20";
				CLANG_ENABLE_MODULES = YES;
				CLANG_ENABLE_OBJC_ARC = YES;
				CLANG_ENABLE_OBJC_WEAK = YES;
				CLANG_WARN_BLOCK_CAPTURE_AUTORELEASING = YES;
				CLANG_WARN_BOOL_CONVERSION = YES;
				CLANG_WARN_COMMA = YES;
				CLANG_WARN_CONSTANT_CONVERSION = YES;
				CLANG_WARN_DEPRECATED_OBJC_IMPLEMENTATIONS = YES;
				CLANG_WARN_DIRECT_OBJC_ISA_USAGE = YES_ERROR;
				CLANG_WARN_DOCUMENTATION_COMMENTS = YES;
				CLANG_WARN_EMPTY_BODY = YES;
				CLANG_WARN_ENUM_CONVERSION = YES;
				CLANG_WARN_INFINITE_RECURSION = YES;
				CLANG_WARN_INT_CONVERSION = YES;
				CLANG_WARN_NON_LITERAL_NULL_CONVERSION = YES;
				CLANG_WARN_OBJC_IMPLICIT_RETAIN_SELF = YES;
				CLANG_WARN_OBJC_LITERAL_CONVERSION = YES;
				CLANG_WARN_OBJC_ROOT_CLASS = YES_ERROR;
				CLANG_WARN_QUOTED_INCLUDE_IN_FRAMEWORK_HEADER = YES;
				CLANG_WARN_RANGE_LOOP_ANALYSIS = YES;
				CLANG_WARN_STRICT_PROTOTYPES = YES;
				CLANG_WARN_SUSPICIOUS_MOVE = YES;
				CLANG_WARN_UNGUARDED_AVAILABILITY = YES_AGGRESSIVE;
				CLANG_WARN_UNREACHABLE_CODE = YES;
				CLANG_WARN__DUPLICATE_METHOD_MATCH = YES;
				CODE_SIGN_STYLE = Automatic;
				DEBUG_INFORMATION_FORMAT = dwarf;
				ENABLE_STRICT_OBJC_MSGSEND = YES;
				ENABLE_TESTABILITY = YES;
				GCC_C_LANGUAGE_STANDARD = gnu11;
				GCC_NO_COMMON_BLOCKS = YES;
				GCC_WARN_64_TO_32_BIT_CONVERSION = YES;
				GCC_WARN_ABOUT_RETURN_TYPE = YES_ERROR;
				GCC_WARN_UNDECLARED_SELECTOR = YES;
				GCC_WARN_UNINITIALIZED_AUTOS = YES_AGGRESSIVE;
				GCC_WARN_UNUSED_FUNCTION = YES;
				MACOSX_DEPLOYMENT_TARGET = 13.0;
				MTL_ENABLE_DEBUG_INFO = INCLUDE_SOURCE;
				MTL_FAST_MATH = YES;
				PRODUCT_NAME = "$(TARGET_NAME)";
				SDKROOT = macosx;
			};
			name = Debug;
		};
		875230262A46E77500AAFFCB /* Release */ = {
			isa = XCBuildConfiguration;
			buildSettings = {
				COPY_PHASE_STRIP = YES;
				EXCLUDED_RECURSIVE_SEARCH_PATH_SUBDIRECTORIES = "*.nib *.lproj *.gch (*) .DS_Store CVS .svn .git .hg *.xcodeproj *.xcode *.pbproj *.pbxproj";
				FRAMEWORK_SEARCH_PATHS = (
					"$(MonkeyDevPath)/frameworks/**",
					"$(MonkeyDevTheosPath)/vendor/lib",
				);
				GCC_C_LANGUAGE_STANDARD = gnu99;
				GCC_WARN_ABOUT_MISSING_PROTOTYPES = YES;
				GCC_WARN_ABOUT_RETURN_TYPE = YES;
				GCC_WARN_UNUSED_VARIABLE = YES;
				HEADER_SEARCH_PATHS = "$(MonkeyDevTheosPath)/vendor/include/**";
				IPHONEOS_DEPLOYMENT_TARGET = 8.0;
				LIBRARY_SEARCH_PATHS = "$(MonkeyDevTheosPath)/vendor/lib/**";
				MonkeyDevPath = /opt/MonkeyDev;
				MonkeyDevTheosPath = /opt/theos;
				OTHER_CFLAGS = "-DTHEOS_INSTANCE_NAME=\"\\\"micSpy\\\"\"";
				SDKROOT = iphoneos;
				TARGETED_DEVICE_FAMILY = "1,2";
				VALIDATE_PRODUCT = YES;
			};
			name = Release;
		};
		875230272A46E77500AAFFCB /* Debug */ = {
			isa = XCBuildConfiguration;
			buildSettings = {
				COPY_PHASE_STRIP = NO;
				EXCLUDED_RECURSIVE_SEARCH_PATH_SUBDIRECTORIES = "*.nib *.lproj *.gch (*) .DS_Store CVS .svn .git .hg *.xcodeproj *.xcode *.pbproj *.pbxproj";
				FRAMEWORK_SEARCH_PATHS = (
					"$(MonkeyDevPath)/frameworks/**",
					"$(MonkeyDevTheosPath)/vendor/lib",
				);
				GCC_C_LANGUAGE_STANDARD = gnu99;
				GCC_DYNAMIC_NO_PIC = NO;
				GCC_OPTIMIZATION_LEVEL = 0;
				GCC_PREPROCESSOR_DEFINITIONS = (
					"DEBUG=1",
					"$(inherited)",
				);
				GCC_SYMBOLS_PRIVATE_EXTERN = NO;
				GCC_WARN_ABOUT_MISSING_PROTOTYPES = YES;
				GCC_WARN_ABOUT_RETURN_TYPE = YES;
				GCC_WARN_UNUSED_VARIABLE = YES;
				HEADER_SEARCH_PATHS = "$(MonkeyDevTheosPath)/vendor/include/**";
				IPHONEOS_DEPLOYMENT_TARGET = 8.0;
				LIBRARY_SEARCH_PATHS = "$(MonkeyDevTheosPath)/vendor/lib/**";
				MonkeyDevPath = /opt/MonkeyDev;
				MonkeyDevTheosPath = /opt/theos;
				ONLY_ACTIVE_ARCH = YES;
				OTHER_CFLAGS = "-DTHEOS_INSTANCE_NAME=\"\\\"micSpy\\\"\"";
				SDKROOT = iphoneos;
				TARGETED_DEVICE_FAMILY = "1,2";
				VALIDATE_PRODUCT = NO;
			};
			name = Debug;
		};
		875230292A46E77500AAFFCB /* Release */ = {
			isa = XCBuildConfiguration;
			buildSettings = {
				AD_HOC_CODE_SIGNING_ALLOWED = YES;
				CLANG_ENABLE_OBJC_ARC = YES;
				CODE_SIGN_ENTITLEMENTS = micSpy/monkeydev.entitlements;
				CODE_SIGN_IDENTITY = "-";
				"CODE_SIGN_IDENTITY[sdk=appletvos*]" = "-";
				CODE_SIGN_STYLE = Manual;
				DEVELOPMENT_TEAM = "";
				FRAMEWORK_SEARCH_PATHS = (
					"$(MonkeyDevPath)/frameworks/**",
					"$(MonkeyDevTheosPath)/vendor/lib",
					"${SDKROOT}/System/Library/Frameworks/",
				);
				GCC_PRECOMPILE_PREFIX_HEADER = YES;
				GCC_PREFIX_HEADER = "micSpy/micSpy-Prefix.pch";
				INSTALL_PATH = /usr/local/bin;
				MonkeyDevBuildPackageOnAnyBuild = NO;
				MonkeyDevClearUiCacheOnInstall = NO;
				MonkeyDevCopyOnBuild = NO;
				MonkeyDevDeviceIP = homecontroller.local;
				MonkeyDevDevicePassword = "";
				MonkeyDevDevicePort = "";
				MonkeyDevInstallOnAnyBuild = YES;
				MonkeyDevInstallOnProfiling = YES;
				MonkeyDevkillProcessOnInstall = "";
				OTHER_LDFLAGS = "";
				PRODUCT_BUNDLE_IDENTIFIER = net.tihmstar.micSpy;
				PRODUCT_NAME = "$(TARGET_NAME)";
				PROVISIONING_PROFILE_SPECIFIER = "";
				SDKROOT = appletvos;
				SUPPORTED_PLATFORMS = "appletvsimulator appletvos";
				SUPPORTS_MACCATALYST = NO;
				TARGETED_DEVICE_FAMILY = 3;
				TVOS_DEPLOYMENT_TARGET = 16.0;
			};
			name = Release;
		};
		8752302A2A46E77500AAFFCB /* Debug */ = {
			isa = XCBuildConfiguration;
			buildSettings = {
				AD_HOC_CODE_SIGNING_ALLOWED = YES;
				CLANG_ENABLE_OBJC_ARC = YES;
				CODE_SIGN_ENTITLEMENTS = micSpy/monkeydev.entitlements;
				CODE_SIGN_IDENTITY = "-";
				"CODE_SIGN_IDENTITY[sdk=appletvos*]" = "-";
				CODE_SIGN_STYLE = Manual;
				DEVELOPMENT_TEAM = "";
				FRAMEWORK_SEARCH_PATHS = (
					"$(MonkeyDevPath)/frameworks/**",
					"$(MonkeyDevTheosPath)/vendor/lib",
					"${SDKROOT}/System/Library/Frameworks/",
				);
				GCC_PRECOMPILE_PREFIX_HEADER = YES;
				GCC_PREFIX_HEADER = "micSpy/micSpy-Prefix.pch";
				INSTALL_PATH = /usr/local/bin;
				MonkeyDevBuildPackageOnAnyBuild = NO;
				MonkeyDevClearUiCacheOnInstall = NO;
				MonkeyDevCopyOnBuild = NO;
				MonkeyDevDeviceIP = homecontroller.local;
				MonkeyDevDevicePassword = "";
				MonkeyDevDevicePort = "";
				MonkeyDevInstallOnAnyBuild = YES;
				MonkeyDevInstallOnProfiling = YES;
				MonkeyDevkillProcessOnInstall = "";
				OTHER_LDFLAGS = "";
				PRODUCT_BUNDLE_IDENTIFIER = net.tihmstar.micSpy;
				PRODUCT_NAME = "$(TARGET_NAME)";
				PROVISIONING_PROFILE_SPECIFIER = "";
				SDKROOT = appletvos;
				SUPPORTED_PLATFORMS = "appletvsimulator appletvos";
				SUPPORTS_MACCATALYST = NO;
				TARGETED_DEVICE_FAMILY = 3;
				TVOS_DEPLOYMENT_TARGET = 16.0;
			};
			name = Debug;
		};
/* End XCBuildConfiguration section */

/* Begin XCConfigurationList section */
		15173ED62A64858200E13E7D /* Build configuration list for PBXNativeTarget "player" */ = {
			isa = XCConfigurationList;
			buildConfigurations = (
				15173ED72A64858200E13E7D /* Release */,
				15173ED82A64858200E13E7D /* Debug */,
			);
			defaultConfigurationIsVisible = 0;
			defaultConfigurationName = Release;
		};
		875230102A46E77500AAFFCB /* Build configuration list for PBXProject "micSpy" */ = {
			isa = XCConfigurationList;
			buildConfigurations = (
				875230262A46E77500AAFFCB /* Release */,
				875230272A46E77500AAFFCB /* Debug */,
			);
			defaultConfigurationIsVisible = 0;
			defaultConfigurationName = Release;
		};
		875230282A46E77500AAFFCB /* Build configuration list for PBXNativeTarget "micSpy" */ = {
			isa = XCConfigurationList;
			buildConfigurations = (
				875230292A46E77500AAFFCB /* Release */,
				8752302A2A46E77500AAFFCB /* Debug */,
			);
			defaultConfigurationIsVisible = 0;
			defaultConfigurationName = Release;
		};
/* End XCConfigurationList section */
	};
	rootObject = 8752300D2A46E77500AAFFCB /* Project object */;
}
